
Microsoft Visual Studio Solution File, Format Version 12.00
Project("{FAE04EC0-301F-11D3-BF4B-00C04F79EFBC}") = "Backup", "Backup\Backup.csproj", "{D565CB54-30AC-472D-8D6B-8BF1113CC8BE}"
EndProject
Global
	GlobalSection(SolutionConfigurationPlatforms) = preSolution
		Debug|Any CPU = Debug|Any CPU
		Release|Any CPU = Release|Any CPU
	EndGlobalSection
	GlobalSection(ProjectConfigurationPlatforms) = postSolution
		{D565CB54-30AC-472D-8D6B-8BF1113CC8BE}.Debug|Any CPU.ActiveCfg = Debug|Any CPU
		{D565CB54-30AC-472D-8D6B-8BF1113CC8BE}.Debug|Any CPU.Build.0 = Debug|Any CPU
		{D565CB54-30AC-472D-8D6B-8BF1113CC8BE}.Release|Any CPU.ActiveCfg = Release|Any CPU
		{D565CB54-30AC-472D-8D6B-8BF1113CC8BE}.Release|Any CPU.Build.0 = Release|Any CPU
	EndGlobalSection
EndGlobal
